
Microsoft Visual Studio Solution File, Format Version 12.00
# Visual Studio 15
VisualStudioVersion = 15.0.27428.2037
MinimumVisualStudioVersion = 10.0.40219.1
Project("{FAE04EC0-301F-11D3-BF4B-00C04F79EFBC}") = "aTello", "aTello\aTello.csproj", "{939A0652-8FE0-45B2-9342-535B63B23B94}"
EndProject
Project("{FAE04EC0-301F-11D3-BF4B-00C04F79EFBC}") = "TelloLib", "TelloLib\TelloLib.csproj", "{FC69241F-8C76-45DE-A2D4-B2A5CD984014}"
EndProject
Project("{FAE04EC0-301F-11D3-BF4B-00C04F79EFBC}") = "TelloConsole", "TelloConsole\TelloConsole.csproj", "{6E71816D-0976-4806-955F-D90E14CFC1A2}"
EndProject
Project("{FAE04EC0-301F-11D3-BF4B-00C04F79EFBC}") = "HelloTello", "HelloTello\HelloTello.csproj", "{A9F06754-2853-4CBF-9BC4-030A0FCC1B2C}"
EndProject
Project("{FAE04EC0-301F-11D3-BF4B-00C04F79EFBC}") = "FFMpeg.Xamarin", "xamarin-android-ffmpeg\FFMpeg.Xamarin\FFMpeg.Xamarin.csproj", "{1049745B-3D4C-4DFF-AD8B-DC46F460B5D4}"
EndProject
Project("{FAE04EC0-301F-11D3-BF4B-00C04F79EFBC}") = "DatConToCsv", "DatConToCsv\DatConToCsv.csproj", "{36BFE91E-3F05-4A45-BF96-F5C00A907CA0}"
EndProject
Project("{FAE04EC0-301F-11D3-BF4B-00C04F79EFBC}") = "TelloLogParser", "TelloLogParser\TelloLogParser.csproj", "{107DB5E3-F4F9-4C28-A16B-0DDEC8CCF801}"
EndProject
Global
	GlobalSection(SolutionConfigurationPlatforms) = preSolution
		Debug|Any CPU = Debug|Any CPU
		Release|Any CPU = Release|Any CPU
	EndGlobalSection
	GlobalSection(ProjectConfigurationPlatforms) = postSolution
		{939A0652-8FE0-45B2-9342-535B63B23B94}.Debug|Any CPU.ActiveCfg = Debug|Any CPU
		{939A0652-8FE0-45B2-9342-535B63B23B94}.Debug|Any CPU.Build.0 = Debug|Any CPU
		{939A0652-8FE0-45B2-9342-535B63B23B94}.Debug|Any CPU.Deploy.0 = Debug|Any CPU
		{939A0652-8FE0-45B2-9342-535B63B23B94}.Release|Any CPU.ActiveCfg = Release|Any CPU
		{939A0652-8FE0-45B2-9342-535B63B23B94}.Release|Any CPU.Build.0 = Release|Any CPU
		{939A0652-8FE0-45B2-9342-535B63B23B94}.Release|Any CPU.Deploy.0 = Release|Any CPU
		{FC69241F-8C76-45DE-A2D4-B2A5CD984014}.Debug|Any CPU.ActiveCfg = Debug|Any CPU
		{FC69241F-8C76-45DE-A2D4-B2A5CD984014}.Debug|Any CPU.Build.0 = Debug|Any CPU
		{FC69241F-8C76-45DE-A2D4-B2A5CD984014}.Release|Any CPU.ActiveCfg = Release|Any CPU
		{FC69241F-8C76-45DE-A2D4-B2A5CD984014}.Release|Any CPU.Build.0 = Release|Any CPU
		{6E71816D-0976-4806-955F-D90E14CFC1A2}.Debug|Any CPU.ActiveCfg = Debug|Any CPU
		{6E71816D-0976-4806-955F-D90E14CFC1A2}.Debug|Any CPU.Build.0 = Debug|Any CPU
		{6E71816D-0976-4806-955F-D90E14CFC1A2}.Release|Any CPU.ActiveCfg = Release|Any CPU
		{6E71816D-0976-4806-955F-D90E14CFC1A2}.Release|Any CPU.Build.0 = Release|Any CPU
		{A9F06754-2853-4CBF-9BC4-030A0FCC1B2C}.Debug|Any CPU.ActiveCfg = Debug|Any CPU
		{A9F06754-2853-4CBF-9BC4-030A0FCC1B2C}.Debug|Any CPU.Build.0 = Debug|Any CPU
		{A9F06754-2853-4CBF-9BC4-030A0FCC1B2C}.Release|Any CPU.ActiveCfg = Release|Any CPU
		{A9F06754-2853-4CBF-9BC4-030A0FCC1B2C}.Release|Any CPU.Build.0 = Release|Any CPU
		{1049745B-3D4C-4DFF-AD8B-DC46F460B5D4}.Debug|Any CPU.ActiveCfg = Debug|Any CPU
		{1049745B-3D4C-4DFF-AD8B-DC46F460B5D4}.Debug|Any CPU.Build.0 = Debug|Any CPU
		{1049745B-3D4C-4DFF-AD8B-DC46F460B5D4}.Release|Any CPU.ActiveCfg = Release|Any CPU
		{1049745B-3D4C-4DFF-AD8B-DC46F460B5D4}.Release|Any CPU.Build.0 = Release|Any CPU
		{36BFE91E-3F05-4A45-BF96-F5C00A907CA0}.Debug|Any CPU.ActiveCfg = Debug|Any CPU
		{36BFE91E-3F05-4A45-BF96-F5C00A907CA0}.Debug|Any CPU.Build.0 = Debug|Any CPU
		{36BFE91E-3F05-4A45-BF96-F5C00A907CA0}.Release|Any CPU.ActiveCfg = Release|Any CPU
		{36BFE91E-3F05-4A45-BF96-F5C00A907CA0}.Release|Any CPU.Build.0 = Release|Any CPU
		{107DB5E3-F4F9-4C28-A16B-0DDEC8CCF801}.Debug|Any CPU.ActiveCfg = Debug|Any CPU
		{107DB5E3-F4F9-4C28-A16B-0DDEC8CCF801}.Debug|Any CPU.Build.0 = Debug|Any CPU
		{107DB5E3-F4F9-4C28-A16B-0DDEC8CCF801}.Release|Any CPU.ActiveCfg = Release|Any CPU
		{107DB5E3-F4F9-4C28-A16B-0DDEC8CCF801}.Release|Any CPU.Build.0 = Release|Any CPU
	EndGlobalSection
	GlobalSection(SolutionProperties) = preSolution
		HideSolutionNode = FALSE
	EndGlobalSection
	GlobalSection(ExtensibilityGlobals) = postSolution
		SolutionGuid = {30C3D4AB-41AD-4804-8728-3689204C2FB6}
	EndGlobalSection
EndGlobal
